PODS:
  - Alamofire (5.4.3)
  - SnapKit (4.2.0)

DEPENDENCIES:
  - Alamofire (~> 5.4.3)
  - SnapKit

SPEC REPOS:
  trunk:
    - Alamofire
    - SnapKit

SPEC CHECKSUMS:
  Alamofire: e447a2774a40c996748296fa2c55112fdbbc42f9
  SnapKit: fe8a619752f3f27075cc9a90244d75c6c3f27e2a

PODFILE CHECKSUM: 961ba0e60a9d71d557d53677091000d67605bb83

COCOAPODS: 1.10.1
