PODS:
  - AgoraRtcEngine_iOS (3.4.1)
  - AgoraRtm_iOS (1.4.5)
  - Alamofire (4.9.1)
  - dsBridge (3.0.6)
  - SnapKit (4.2.0)
  - WechatOpenSDK (1.8.7.1)
  - Whiteboard (2.12.22):
    - Whiteboard/Base (= 2.12.22)
    - Whiteboard/Converter (= 2.12.22)
    - Whiteboard/Model (= 2.12.22)
    - Whiteboard/NativeReplayer (= 2.12.22)
    - Whiteboard/Object (= 2.12.22)
    - Whiteboard/Replayer (= 2.12.22)
    - Whiteboard/Room (= 2.12.22)
  - Whiteboard/Base (2.12.22):
    - dsBridge (~> 3.0.2)
    - Whiteboard/Object
  - Whiteboard/Converter (2.12.22):
    - Whiteboard/Object
  - Whiteboard/Model (2.12.22):
    - YYModel (~> 1.0.4)
  - Whiteboard/NativeReplayer (2.12.22):
    - Whiteboard/Replayer
  - Whiteboard/Object (2.12.22):
    - Whiteboard/Model
  - Whiteboard/Replayer (2.12.22):
    - Whiteboard/Base
  - Whiteboard/Room (2.12.22):
    - Whiteboard/Base
  - YYModel (1.0.4)

DEPENDENCIES:
  - AgoraRtcEngine_iOS (~> 3.4.1)
  - AgoraRtm_iOS (~> 1.4.5)
  - Alamofire
  - SnapKit
  - WechatOpenSDK
  - Whiteboard

SPEC REPOS:
  trunk:
    - AgoraRtcEngine_iOS
    - AgoraRtm_iOS
    - Alamofire
    - dsBridge
    - SnapKit
    - WechatOpenSDK
    - Whiteboard
    - YYModel

SPEC CHECKSUMS:
  AgoraRtcEngine_iOS: 363792913015c47397db88052d3c3cb765f519d0
  AgoraRtm_iOS: 5e3c7b30297cec3075d6d4a9657a0b9fd7387349
  Alamofire: 85e8a02c69d6020a0d734f6054870d7ecb75cf18
  dsBridge: 48b62ee8a411ad601a88d6f6c8cf6cb634b206b7
  SnapKit: fe8a619752f3f27075cc9a90244d75c6c3f27e2a
  WechatOpenSDK: 6a4d1436c15b3b5fe2a0bd383f3046010186da44
  Whiteboard: 1af96f11d08cea541a12266144049b4a8c691ab4
  YYModel: 2a7fdd96aaa4b86a824e26d0c517de8928c04b30

PODFILE CHECKSUM: 76c59f0996e316a1b7b84638aa2fcad15de8ce94

COCOAPODS: 1.10.1
